
Microsoft Visual Studio Solution File, Format Version 12.00
# Visual Studio Version 17
VisualStudioVersion = 17.0.31903.59
MinimumVisualStudioVersion = 10.0.40219.1
Project("{2150E333-8FDC-42A3-9474-1A3956D46DE8}") = "src", "src", "{827E0CD3-B72D-47B6-A68D-7590B98EB39B}"
EndProject
Project("{FAE04EC0-301F-11D3-BF4B-00C04F79EFBC}") = "Syed.Messaging.Abstractions", "src\Syed.Messaging.Abstractions\Syed.Messaging.Abstractions.csproj", "{085D715A-1F83-42C4-B78A-36B2AA3527CD}"
EndProject
Project("{FAE04EC0-301F-11D3-BF4B-00C04F79EFBC}") = "Syed.Messaging.Core", "src\Syed.Messaging.Core\Syed.Messaging.Core.csproj", "{6366707D-61F8-48F2-834E-F1206554FD59}"
EndProject
Project("{FAE04EC0-301F-11D3-BF4B-00C04F79EFBC}") = "Syed.Messaging.RabbitMq", "src\Syed.Messaging.RabbitMq\Syed.Messaging.RabbitMq.csproj", "{52759678-ED5B-42BC-882D-DD1EDEDD60A7}"
EndProject
Project("{FAE04EC0-301F-11D3-BF4B-00C04F79EFBC}") = "Syed.Messaging.Kafka", "src\Syed.Messaging.Kafka\Syed.Messaging.Kafka.csproj", "{E481AF0B-7638-49CD-BF3F-89E8BE6E4D2D}"
EndProject
Project("{FAE04EC0-301F-11D3-BF4B-00C04F79EFBC}") = "Syed.Messaging.AzureServiceBus", "src\Syed.Messaging.AzureServiceBus\Syed.Messaging.AzureServiceBus.csproj", "{4085B6DE-98EE-4B9B-B14A-E1E25F79F333}"
EndProject
Project("{FAE04EC0-301F-11D3-BF4B-00C04F79EFBC}") = "Syed.Messaging.Outbox.EfCore", "src\Syed.Messaging.Outbox.EfCore\Syed.Messaging.Outbox.EfCore.csproj", "{110FA1E0-2D74-4B55-9E2B-A536A65FBC4F}"
EndProject
Project("{FAE04EC0-301F-11D3-BF4B-00C04F79EFBC}") = "Syed.Messaging.Aspire", "src\Syed.Messaging.Aspire\Syed.Messaging.Aspire.csproj", "{25E62E6B-DF6D-4322-A5AE-EE1F18E57660}"
EndProject
Project("{2150E333-8FDC-42A3-9474-1A3956D46DE8}") = "samples", "samples", "{5D20AA90-6969-D8BD-9DCD-8634F4692FDA}"
EndProject
Project("{FAE04EC0-301F-11D3-BF4B-00C04F79EFBC}") = "OrderWorker", "samples\OrderWorker\OrderWorker.csproj", "{7E4AAC13-3A2D-4E75-9E36-4A3A5A5D1670}"
EndProject
Project("{FAE04EC0-301F-11D3-BF4B-00C04F79EFBC}") = "Syed.Messaging.Sagas", "src\Syed.Messaging.Sagas\Syed.Messaging.Sagas.csproj", "{63D6373E-1927-40FA-B1AF-8CB29BCC74CA}"
EndProject
Project("{FAE04EC0-301F-11D3-BF4B-00C04F79EFBC}") = "OrderSagaDemo", "samples\OrderSagaDemo\OrderSagaDemo.csproj", "{49D3D5D6-551C-4802-9923-63CC23B786BB}"
EndProject
Global
	GlobalSection(SolutionConfigurationPlatforms) = preSolution
		Debug|Any CPU = Debug|Any CPU
		Debug|x64 = Debug|x64
		Debug|x86 = Debug|x86
		Release|Any CPU = Release|Any CPU
		Release|x64 = Release|x64
		Release|x86 = Release|x86
	EndGlobalSection
	GlobalSection(ProjectConfigurationPlatforms) = postSolution
		{085D715A-1F83-42C4-B78A-36B2AA3527CD}.Debug|Any CPU.ActiveCfg = Debug|Any CPU
		{085D715A-1F83-42C4-B78A-36B2AA3527CD}.Debug|Any CPU.Build.0 = Debug|Any CPU
		{085D715A-1F83-42C4-B78A-36B2AA3527CD}.Debug|x64.ActiveCfg = Debug|Any CPU
		{085D715A-1F83-42C4-B78A-36B2AA3527CD}.Debug|x64.Build.0 = Debug|Any CPU
		{085D715A-1F83-42C4-B78A-36B2AA3527CD}.Debug|x86.ActiveCfg = Debug|Any CPU
		{085D715A-1F83-42C4-B78A-36B2AA3527CD}.Debug|x86.Build.0 = Debug|Any CPU
		{085D715A-1F83-42C4-B78A-36B2AA3527CD}.Release|Any CPU.ActiveCfg = Release|Any CPU
		{085D715A-1F83-42C4-B78A-36B2AA3527CD}.Release|Any CPU.Build.0 = Release|Any CPU
		{085D715A-1F83-42C4-B78A-36B2AA3527CD}.Release|x64.ActiveCfg = Release|Any CPU
		{085D715A-1F83-42C4-B78A-36B2AA3527CD}.Release|x64.Build.0 = Release|Any CPU
		{085D715A-1F83-42C4-B78A-36B2AA3527CD}.Release|x86.ActiveCfg = Release|Any CPU
		{085D715A-1F83-42C4-B78A-36B2AA3527CD}.Release|x86.Build.0 = Release|Any CPU
		{6366707D-61F8-48F2-834E-F1206554FD59}.Debug|Any CPU.ActiveCfg = Debug|Any CPU
		{6366707D-61F8-48F2-834E-F1206554FD59}.Debug|Any CPU.Build.0 = Debug|Any CPU
		{6366707D-61F8-48F2-834E-F1206554FD59}.Debug|x64.ActiveCfg = Debug|Any CPU
		{6366707D-61F8-48F2-834E-F1206554FD59}.Debug|x64.Build.0 = Debug|Any CPU
		{6366707D-61F8-48F2-834E-F1206554FD59}.Debug|x86.ActiveCfg = Debug|Any CPU
		{6366707D-61F8-48F2-834E-F1206554FD59}.Debug|x86.Build.0 = Debug|Any CPU
		{6366707D-61F8-48F2-834E-F1206554FD59}.Release|Any CPU.ActiveCfg = Release|Any CPU
		{6366707D-61F8-48F2-834E-F1206554FD59}.Release|Any CPU.Build.0 = Release|Any CPU
		{6366707D-61F8-48F2-834E-F1206554FD59}.Release|x64.ActiveCfg = Release|Any CPU
		{6366707D-61F8-48F2-834E-F1206554FD59}.Release|x64.Build.0 = Release|Any CPU
		{6366707D-61F8-48F2-834E-F1206554FD59}.Release|x86.ActiveCfg = Release|Any CPU
		{6366707D-61F8-48F2-834E-F1206554FD59}.Release|x86.Build.0 = Release|Any CPU
		{52759678-ED5B-42BC-882D-DD1EDEDD60A7}.Debug|Any CPU.ActiveCfg = Debug|Any CPU
		{52759678-ED5B-42BC-882D-DD1EDEDD60A7}.Debug|Any CPU.Build.0 = Debug|Any CPU
		{52759678-ED5B-42BC-882D-DD1EDEDD60A7}.Debug|x64.ActiveCfg = Debug|Any CPU
		{52759678-ED5B-42BC-882D-DD1EDEDD60A7}.Debug|x64.Build.0 = Debug|Any CPU
		{52759678-ED5B-42BC-882D-DD1EDEDD60A7}.Debug|x86.ActiveCfg = Debug|Any CPU
		{52759678-ED5B-42BC-882D-DD1EDEDD60A7}.Debug|x86.Build.0 = Debug|Any CPU
		{52759678-ED5B-42BC-882D-DD1EDEDD60A7}.Release|Any CPU.ActiveCfg = Release|Any CPU
		{52759678-ED5B-42BC-882D-DD1EDEDD60A7}.Release|Any CPU.Build.0 = Release|Any CPU
		{52759678-ED5B-42BC-882D-DD1EDEDD60A7}.Release|x64.ActiveCfg = Release|Any CPU
		{52759678-ED5B-42BC-882D-DD1EDEDD60A7}.Release|x64.Build.0 = Release|Any CPU
		{52759678-ED5B-42BC-882D-DD1EDEDD60A7}.Release|x86.ActiveCfg = Release|Any CPU
		{52759678-ED5B-42BC-882D-DD1EDEDD60A7}.Release|x86.Build.0 = Release|Any CPU
		{E481AF0B-7638-49CD-BF3F-89E8BE6E4D2D}.Debug|Any CPU.ActiveCfg = Debug|Any CPU
		{E481AF0B-7638-49CD-BF3F-89E8BE6E4D2D}.Debug|Any CPU.Build.0 = Debug|Any CPU
		{E481AF0B-7638-49CD-BF3F-89E8BE6E4D2D}.Debug|x64.ActiveCfg = Debug|Any CPU
		{E481AF0B-7638-49CD-BF3F-89E8BE6E4D2D}.Debug|x64.Build.0 = Debug|Any CPU
		{E481AF0B-7638-49CD-BF3F-89E8BE6E4D2D}.Debug|x86.ActiveCfg = Debug|Any CPU
		{E481AF0B-7638-49CD-BF3F-89E8BE6E4D2D}.Debug|x86.Build.0 = Debug|Any CPU
		{E481AF0B-7638-49CD-BF3F-89E8BE6E4D2D}.Release|Any CPU.ActiveCfg = Release|Any CPU
		{E481AF0B-7638-49CD-BF3F-89E8BE6E4D2D}.Release|Any CPU.Build.0 = Release|Any CPU
		{E481AF0B-7638-49CD-BF3F-89E8BE6E4D2D}.Release|x64.ActiveCfg = Release|Any CPU
		{E481AF0B-7638-49CD-BF3F-89E8BE6E4D2D}.Release|x64.Build.0 = Release|Any CPU
		{E481AF0B-7638-49CD-BF3F-89E8BE6E4D2D}.Release|x86.ActiveCfg = Release|Any CPU
		{E481AF0B-7638-49CD-BF3F-89E8BE6E4D2D}.Release|x86.Build.0 = Release|Any CPU
		{4085B6DE-98EE-4B9B-B14A-E1E25F79F333}.Debug|Any CPU.ActiveCfg = Debug|Any CPU
		{4085B6DE-98EE-4B9B-B14A-E1E25F79F333}.Debug|Any CPU.Build.0 = Debug|Any CPU
		{4085B6DE-98EE-4B9B-B14A-E1E25F79F333}.Debug|x64.ActiveCfg = Debug|Any CPU
		{4085B6DE-98EE-4B9B-B14A-E1E25F79F333}.Debug|x64.Build.0 = Debug|Any CPU
		{4085B6DE-98EE-4B9B-B14A-E1E25F79F333}.Debug|x86.ActiveCfg = Debug|Any CPU
		{4085B6DE-98EE-4B9B-B14A-E1E25F79F333}.Debug|x86.Build.0 = Debug|Any CPU
		{4085B6DE-98EE-4B9B-B14A-E1E25F79F333}.Release|Any CPU.ActiveCfg = Release|Any CPU
		{4085B6DE-98EE-4B9B-B14A-E1E25F79F333}.Release|Any CPU.Build.0 = Release|Any CPU
		{4085B6DE-98EE-4B9B-B14A-E1E25F79F333}.Release|x64.ActiveCfg = Release|Any CPU
		{4085B6DE-98EE-4B9B-B14A-E1E25F79F333}.Release|x64.Build.0 = Release|Any CPU
		{4085B6DE-98EE-4B9B-B14A-E1E25F79F333}.Release|x86.ActiveCfg = Release|Any CPU
		{4085B6DE-98EE-4B9B-B14A-E1E25F79F333}.Release|x86.Build.0 = Release|Any CPU
		{110FA1E0-2D74-4B55-9E2B-A536A65FBC4F}.Debug|Any CPU.ActiveCfg = Debug|Any CPU
		{110FA1E0-2D74-4B55-9E2B-A536A65FBC4F}.Debug|Any CPU.Build.0 = Debug|Any CPU
		{110FA1E0-2D74-4B55-9E2B-A536A65FBC4F}.Debug|x64.ActiveCfg = Debug|Any CPU
		{110FA1E0-2D74-4B55-9E2B-A536A65FBC4F}.Debug|x64.Build.0 = Debug|Any CPU
		{110FA1E0-2D74-4B55-9E2B-A536A65FBC4F}.Debug|x86.ActiveCfg = Debug|Any CPU
		{110FA1E0-2D74-4B55-9E2B-A536A65FBC4F}.Debug|x86.Build.0 = Debug|Any CPU
		{110FA1E0-2D74-4B55-9E2B-A536A65FBC4F}.Release|Any CPU.ActiveCfg = Release|Any CPU
		{110FA1E0-2D74-4B55-9E2B-A536A65FBC4F}.Release|Any CPU.Build.0 = Release|Any CPU
		{110FA1E0-2D74-4B55-9E2B-A536A65FBC4F}.Release|x64.ActiveCfg = Release|Any CPU
		{110FA1E0-2D74-4B55-9E2B-A536A65FBC4F}.Release|x64.Build.0 = Release|Any CPU
		{110FA1E0-2D74-4B55-9E2B-A536A65FBC4F}.Release|x86.ActiveCfg = Release|Any CPU
		{110FA1E0-2D74-4B55-9E2B-A536A65FBC4F}.Release|x86.Build.0 = Release|Any CPU
		{25E62E6B-DF6D-4322-A5AE-EE1F18E57660}.Debug|Any CPU.ActiveCfg = Debug|Any CPU
		{25E62E6B-DF6D-4322-A5AE-EE1F18E57660}.Debug|Any CPU.Build.0 = Debug|Any CPU
		{25E62E6B-DF6D-4322-A5AE-EE1F18E57660}.Debug|x64.ActiveCfg = Debug|Any CPU
		{25E62E6B-DF6D-4322-A5AE-EE1F18E57660}.Debug|x64.Build.0 = Debug|Any CPU
		{25E62E6B-DF6D-4322-A5AE-EE1F18E57660}.Debug|x86.ActiveCfg = Debug|Any CPU
		{25E62E6B-DF6D-4322-A5AE-EE1F18E57660}.Debug|x86.Build.0 = Debug|Any CPU
		{25E62E6B-DF6D-4322-A5AE-EE1F18E57660}.Release|Any CPU.ActiveCfg = Release|Any CPU
		{25E62E6B-DF6D-4322-A5AE-EE1F18E57660}.Release|Any CPU.Build.0 = Release|Any CPU
		{25E62E6B-DF6D-4322-A5AE-EE1F18E57660}.Release|x64.ActiveCfg = Release|Any CPU
		{25E62E6B-DF6D-4322-A5AE-EE1F18E57660}.Release|x64.Build.0 = Release|Any CPU
		{25E62E6B-DF6D-4322-A5AE-EE1F18E57660}.Release|x86.ActiveCfg = Release|Any CPU
		{25E62E6B-DF6D-4322-A5AE-EE1F18E57660}.Release|x86.Build.0 = Release|Any CPU
		{7E4AAC13-3A2D-4E75-9E36-4A3A5A5D1670}.Debug|Any CPU.ActiveCfg = Debug|Any CPU
		{7E4AAC13-3A2D-4E75-9E36-4A3A5A5D1670}.Debug|Any CPU.Build.0 = Debug|Any CPU
		{7E4AAC13-3A2D-4E75-9E36-4A3A5A5D1670}.Debug|x64.ActiveCfg = Debug|Any CPU
		{7E4AAC13-3A2D-4E75-9E36-4A3A5A5D1670}.Debug|x64.Build.0 = Debug|Any CPU
		{7E4AAC13-3A2D-4E75-9E36-4A3A5A5D1670}.Debug|x86.ActiveCfg = Debug|Any CPU
		{7E4AAC13-3A2D-4E75-9E36-4A3A5A5D1670}.Debug|x86.Build.0 = Debug|Any CPU
		{7E4AAC13-3A2D-4E75-9E36-4A3A5A5D1670}.Release|Any CPU.ActiveCfg = Release|Any CPU
		{7E4AAC13-3A2D-4E75-9E36-4A3A5A5D1670}.Release|Any CPU.Build.0 = Release|Any CPU
		{7E4AAC13-3A2D-4E75-9E36-4A3A5A5D1670}.Release|x64.ActiveCfg = Release|Any CPU
		{7E4AAC13-3A2D-4E75-9E36-4A3A5A5D1670}.Release|x64.Build.0 = Release|Any CPU
		{7E4AAC13-3A2D-4E75-9E36-4A3A5A5D1670}.Release|x86.ActiveCfg = Release|Any CPU
		{7E4AAC13-3A2D-4E75-9E36-4A3A5A5D1670}.Release|x86.Build.0 = Release|Any CPU
		{63D6373E-1927-40FA-B1AF-8CB29BCC74CA}.Debug|Any CPU.ActiveCfg = Debug|Any CPU
		{63D6373E-1927-40FA-B1AF-8CB29BCC74CA}.Debug|Any CPU.Build.0 = Debug|Any CPU
		{63D6373E-1927-40FA-B1AF-8CB29BCC74CA}.Debug|x64.ActiveCfg = Debug|Any CPU
		{63D6373E-1927-40FA-B1AF-8CB29BCC74CA}.Debug|x64.Build.0 = Debug|Any CPU
		{63D6373E-1927-40FA-B1AF-8CB29BCC74CA}.Debug|x86.ActiveCfg = Debug|Any CPU
		{63D6373E-1927-40FA-B1AF-8CB29BCC74CA}.Debug|x86.Build.0 = Debug|Any CPU
		{63D6373E-1927-40FA-B1AF-8CB29BCC74CA}.Release|Any CPU.ActiveCfg = Release|Any CPU
		{63D6373E-1927-40FA-B1AF-8CB29BCC74CA}.Release|Any CPU.Build.0 = Release|Any CPU
		{63D6373E-1927-40FA-B1AF-8CB29BCC74CA}.Release|x64.ActiveCfg = Release|Any CPU
		{63D6373E-1927-40FA-B1AF-8CB29BCC74CA}.Release|x64.Build.0 = Release|Any CPU
		{63D6373E-1927-40FA-B1AF-8CB29BCC74CA}.Release|x86.ActiveCfg = Release|Any CPU
		{63D6373E-1927-40FA-B1AF-8CB29BCC74CA}.Release|x86.Build.0 = Release|Any CPU
		{49D3D5D6-551C-4802-9923-63CC23B786BB}.Debug|Any CPU.ActiveCfg = Debug|Any CPU
		{49D3D5D6-551C-4802-9923-63CC23B786BB}.Debug|Any CPU.Build.0 = Debug|Any CPU
		{49D3D5D6-551C-4802-9923-63CC23B786BB}.Debug|x64.ActiveCfg = Debug|Any CPU
		{49D3D5D6-551C-4802-9923-63CC23B786BB}.Debug|x64.Build.0 = Debug|Any CPU
		{49D3D5D6-551C-4802-9923-63CC23B786BB}.Debug|x86.ActiveCfg = Debug|Any CPU
		{49D3D5D6-551C-4802-9923-63CC23B786BB}.Debug|x86.Build.0 = Debug|Any CPU
		{49D3D5D6-551C-4802-9923-63CC23B786BB}.Release|Any CPU.ActiveCfg = Release|Any CPU
		{49D3D5D6-551C-4802-9923-63CC23B786BB}.Release|Any CPU.Build.0 = Release|Any CPU
		{49D3D5D6-551C-4802-9923-63CC23B786BB}.Release|x64.ActiveCfg = Release|Any CPU
		{49D3D5D6-551C-4802-9923-63CC23B786BB}.Release|x64.Build.0 = Release|Any CPU
		{49D3D5D6-551C-4802-9923-63CC23B786BB}.Release|x86.ActiveCfg = Release|Any CPU
		{49D3D5D6-551C-4802-9923-63CC23B786BB}.Release|x86.Build.0 = Release|Any CPU
	EndGlobalSection
	GlobalSection(SolutionProperties) = preSolution
		HideSolutionNode = FALSE
	EndGlobalSection
	GlobalSection(NestedProjects) = preSolution
		{085D715A-1F83-42C4-B78A-36B2AA3527CD} = {827E0CD3-B72D-47B6-A68D-7590B98EB39B}
		{6366707D-61F8-48F2-834E-F1206554FD59} = {827E0CD3-B72D-47B6-A68D-7590B98EB39B}
		{52759678-ED5B-42BC-882D-DD1EDEDD60A7} = {827E0CD3-B72D-47B6-A68D-7590B98EB39B}
		{E481AF0B-7638-49CD-BF3F-89E8BE6E4D2D} = {827E0CD3-B72D-47B6-A68D-7590B98EB39B}
		{4085B6DE-98EE-4B9B-B14A-E1E25F79F333} = {827E0CD3-B72D-47B6-A68D-7590B98EB39B}
		{110FA1E0-2D74-4B55-9E2B-A536A65FBC4F} = {827E0CD3-B72D-47B6-A68D-7590B98EB39B}
		{25E62E6B-DF6D-4322-A5AE-EE1F18E57660} = {827E0CD3-B72D-47B6-A68D-7590B98EB39B}
		{7E4AAC13-3A2D-4E75-9E36-4A3A5A5D1670} = {5D20AA90-6969-D8BD-9DCD-8634F4692FDA}
		{63D6373E-1927-40FA-B1AF-8CB29BCC74CA} = {827E0CD3-B72D-47B6-A68D-7590B98EB39B}
		{49D3D5D6-551C-4802-9923-63CC23B786BB} = {5D20AA90-6969-D8BD-9DCD-8634F4692FDA}
	EndGlobalSection
EndGlobal
